
Microsoft Visual Studio Solution File, Format Version 12.00
# Visual Studio Version 16
VisualStudioVersion = 16.0.30204.135
MinimumVisualStudioVersion = 10.0.40219.1
Project("{FAE04EC0-301F-11D3-BF4B-00C04F79EFBC}") = "AppDomains", "AppDomains\AppDomains.csproj", "{65506C2D-B14C-4EE0-AFE1-98FFB2F18FD2}"
EndProject
Project("{FAE04EC0-301F-11D3-BF4B-00C04F79EFBC}") = "Plugin", "Plugin\Plugin.csproj", "{5FA7B6CC-A76D-4B66-9E49-3E31CE873706}"
EndProject
Project("{FAE04EC0-301F-11D3-BF4B-00C04F79EFBC}") = "Contracts", "Contracts\Contracts.csproj", "{396FABEB-5DE3-4838-BF66-C784CBA33C99}"
EndProject
Global
	GlobalSection(SolutionConfigurationPlatforms) = preSolution
		Debug|Any CPU = Debug|Any CPU
		Release|Any CPU = Release|Any CPU
	EndGlobalSection
	GlobalSection(ProjectConfigurationPlatforms) = postSolution
		{65506C2D-B14C-4EE0-AFE1-98FFB2F18FD2}.Debug|Any CPU.ActiveCfg = Debug|Any CPU
		{65506C2D-B14C-4EE0-AFE1-98FFB2F18FD2}.Debug|Any CPU.Build.0 = Debug|Any CPU
		{65506C2D-B14C-4EE0-AFE1-98FFB2F18FD2}.Release|Any CPU.ActiveCfg = Release|Any CPU
		{65506C2D-B14C-4EE0-AFE1-98FFB2F18FD2}.Release|Any CPU.Build.0 = Release|Any CPU
		{5FA7B6CC-A76D-4B66-9E49-3E31CE873706}.Debug|Any CPU.ActiveCfg = Debug|Any CPU
		{5FA7B6CC-A76D-4B66-9E49-3E31CE873706}.Debug|Any CPU.Build.0 = Debug|Any CPU
		{5FA7B6CC-A76D-4B66-9E49-3E31CE873706}.Release|Any CPU.ActiveCfg = Release|Any CPU
		{5FA7B6CC-A76D-4B66-9E49-3E31CE873706}.Release|Any CPU.Build.0 = Release|Any CPU
		{396FABEB-5DE3-4838-BF66-C784CBA33C99}.Debug|Any CPU.ActiveCfg = Debug|Any CPU
		{396FABEB-5DE3-4838-BF66-C784CBA33C99}.Debug|Any CPU.Build.0 = Debug|Any CPU
		{396FABEB-5DE3-4838-BF66-C784CBA33C99}.Release|Any CPU.ActiveCfg = Release|Any CPU
		{396FABEB-5DE3-4838-BF66-C784CBA33C99}.Release|Any CPU.Build.0 = Release|Any CPU
	EndGlobalSection
	GlobalSection(SolutionProperties) = preSolution
		HideSolutionNode = FALSE
	EndGlobalSection
	GlobalSection(ExtensibilityGlobals) = postSolution
		SolutionGuid = {CE9C6206-1C3D-4106-AC6D-D232F4BDB8FC}
	EndGlobalSection
EndGlobal
